{
    "name": "abap2ui5-layout-management",
    "version": "1.0.0",
    "lockfileVersion": 3,
    "requires": true,
    "packages": {
        "": {
            "name": "abap2ui5-layout-management",
            "version": "1.0.0",
            "license": "MIT",
            "dependencies": {
                "npm-check-updates": "^17.1.13"
            },
            "devDependencies": {
                "@abaplint/cli": "^2.113.86",
                "@abaplint/database-sqlite": "^2.10.20",
                "@abaplint/runtime": "^2.10.23",
                "@abaplint/transpiler-cli": "^2.10.23",
                "@types/node": "^22.10.5"
            }
        },
        "node_modules/@abaplint/cli": {
            "version": "2.113.127",
            "resolved": "https://registry.npmjs.org/@abaplint/cli/-/cli-2.113.127.tgz",
            "integrity": "sha512-uT6MZyDJ7OJ/TxOQPy6fUZmgr6XiJ8QZsn6ZT1xbY9ALLW3sT8iwHF+80pkBeZBkc6Xc/DSycsWgKeJt6WoPFg==",
            "dev": true,
            "license": "MIT",
            "bin": {
                "abaplint": "abaplint"
            },
            "engines": {
                "node": ">=12.0.0"
            },
            "funding": {
                "url": "https://github.com/sponsors/larshp"
            }
        },
        "node_modules/@abaplint/database-sqlite": {
            "version": "2.10.24",
            "resolved": "https://registry.npmjs.org/@abaplint/database-sqlite/-/database-sqlite-2.10.24.tgz",
            "integrity": "sha512-Ra6sMIOLjDwdSQ8HKHnninvBhY305L1QEemATPq+TZYV1kwUwSFZ/dkj+Sc0Cx3uuGL2s0f3VqJrM/fJGZzaag==",
            "dev": true,
            "license": "MIT",
            "dependencies": {
                "sql.js": "^1.11.0"
            }
        },
        "node_modules/@abaplint/runtime": {
            "version": "2.10.59",
            "resolved": "https://registry.npmjs.org/@abaplint/runtime/-/runtime-2.10.59.tgz",
            "integrity": "sha512-pXECOzSjq+lCGZgPKTayxo3ipw/cEXCp2p2lF7gKJ64zLNXmiWffzLAEgBJp28fC64er88JllUMhTF6tLUFs8w==",
            "dev": true,
            "license": "MIT",
            "dependencies": {
                "temporal-polyfill": "^0.2.5"
            },
            "funding": {
                "url": "https://github.com/sponsors/larshp"
            }
        },
        "node_modules/@abaplint/transpiler-cli": {
            "version": "2.10.59",
            "resolved": "https://registry.npmjs.org/@abaplint/transpiler-cli/-/transpiler-cli-2.10.59.tgz",
            "integrity": "sha512-gH+irLPGKAmBjAQZYAOWamVqynMyOZmJAr7OSYueZ/KMgq5904bqY+GfM4hvx4LX7EG/93Upv8BlatexOZa4aQ==",
            "dev": true,
            "license": "MIT",
            "bin": {
                "abap_transpile": "abap_transpile"
            },
            "funding": {
                "url": "https://github.com/sponsors/larshp"
            }
        },
        "node_modules/@types/node": {
            "version": "22.15.31",
            "resolved": "https://registry.npmjs.org/@types/node/-/node-22.15.31.tgz",
            "integrity": "sha512-jnVe5ULKl6tijxUhvQeNbQG/84fHfg+yMak02cT8QVhBx/F05rAVxCGBYYTh2EKz22D6JF5ktXuNwdx7b9iEGw==",
            "dev": true,
            "license": "MIT",
            "dependencies": {
                "undici-types": "~6.21.0"
            }
        },
        "node_modules/npm-check-updates": {
            "version": "17.1.18",
            "resolved": "https://registry.npmjs.org/npm-check-updates/-/npm-check-updates-17.1.18.tgz",
            "integrity": "sha512-bkUy2g4v1i+3FeUf5fXMLbxmV95eG4/sS7lYE32GrUeVgQRfQEk39gpskksFunyaxQgTIdrvYbnuNbO/pSUSqw==",
            "license": "Apache-2.0",
            "bin": {
                "ncu": "build/cli.js",
                "npm-check-updates": "build/cli.js"
            },
            "engines": {
                "node": "^18.18.0 || >=20.0.0",
                "npm": ">=8.12.1"
            }
        },
        "node_modules/sql.js": {
            "version": "1.13.0",
            "resolved": "https://registry.npmjs.org/sql.js/-/sql.js-1.13.0.tgz",
            "integrity": "sha512-RJbVP1HRDlUUXahJ7VMTcu9Rm1Nzw+EBpoPr94vnbD4LwR715F3CcxE2G2k45PewcaZ57pjetYa+LoSJLAASgA==",
            "dev": true,
            "license": "MIT"
        },
        "node_modules/temporal-polyfill": {
            "version": "0.2.5",
            "resolved": "https://registry.npmjs.org/temporal-polyfill/-/temporal-polyfill-0.2.5.tgz",
            "integrity": "sha512-ye47xp8Cb0nDguAhrrDS1JT1SzwEV9e26sSsrWzVu+yPZ7LzceEcH0i2gci9jWfOfSCCgM3Qv5nOYShVUUFUXA==",
            "dev": true,
            "license": "MIT",
            "dependencies": {
                "temporal-spec": "^0.2.4"
            }
        },
        "node_modules/temporal-spec": {
            "version": "0.2.4",
            "resolved": "https://registry.npmjs.org/temporal-spec/-/temporal-spec-0.2.4.tgz",
            "integrity": "sha512-lDMFv4nKQrSjlkHKAlHVqKrBG4DyFfa9F74cmBZ3Iy3ed8yvWnlWSIdi4IKfSqwmazAohBNwiN64qGx4y5Q3IQ==",
            "dev": true,
            "license": "ISC"
        },
        "node_modules/undici-types": {
            "version": "6.21.0",
            "resolved": "https://registry.npmjs.org/undici-types/-/undici-types-6.21.0.tgz",
            "integrity": "sha512-iwDZqg0QAGrg9Rav5H4n0M64c3mkR59cJ6wQp+7C4nI0gsmExaedaYLNO44eT4AtBBwjbTiGPMlt2Md0T9H9JQ==",
            "dev": true,
            "license": "MIT"
        }
    }
}
