{
    "name": "abap2ui5-layout-management",
    "version": "1.0.0",
    "lockfileVersion": 3,
    "requires": true,
    "packages": {
        "": {
            "name": "abap2ui5-layout-management",
            "version": "1.0.0",
            "license": "MIT",
            "devDependencies": {
                "@abaplint/cli": "^2.119.49"
            }
        },
        "node_modules/@abaplint/cli": {
            "version": "2.119.49",
            "resolved": "https://registry.npmjs.org/@abaplint/cli/-/cli-2.119.49.tgz",
            "integrity": "sha512-iihNhZqUGNp4ywVoYJhR0nAUyHetMVh9UeuIcwXTvpL8YawxDzhmMSlMcTTKfoQgKAZHpVGBjIVVMg4i+BAKoA==",
            "dev": true,
            "license": "MIT",
            "bin": {
                "abaplint": "abaplint"
            },
            "engines": {
                "node": ">=18.0.0"
            },
            "funding": {
                "url": "https://github.com/sponsors/larshp"
            }
        }
    }
}
